
Microsoft Visual Studio Solution File, Format Version 12.00
# Visual Studio Version 17
VisualStudioVersion = 17.3.32929.385
MinimumVisualStudioVersion = 10.0.40219.1
Project("{9A19103F-16F7-4668-BE54-9A1E7A4F7556}") = "DiagramBuilder", "DiagramBuilder.csproj", "{D0CEB6F0-E005-4218-BCED-78542DA0740B}"
EndProject
Project("{9A19103F-16F7-4668-BE54-9A1E7A4F7556}") = "BlazorWasmCommon_NET6", "..\Common\BlazorWasmCommon_NET6.csproj", "{00AB184E-53E4-4CF4-B486-5BBEA89A7457}"
EndProject
Global
	GlobalSection(SolutionConfigurationPlatforms) = preSolution
		Debug|Any CPU = Debug|Any CPU
		Release|Any CPU = Release|Any CPU
	EndGlobalSection
	GlobalSection(ProjectConfigurationPlatforms) = postSolution
		{D0CEB6F0-E005-4218-BCED-78542DA0740B}.Debug|Any CPU.ActiveCfg = Debug|Any CPU
		{D0CEB6F0-E005-4218-BCED-78542DA0740B}.Debug|Any CPU.Build.0 = Debug|Any CPU
		{D0CEB6F0-E005-4218-BCED-78542DA0740B}.Release|Any CPU.ActiveCfg = Release|Any CPU
		{D0CEB6F0-E005-4218-BCED-78542DA0740B}.Release|Any CPU.Build.0 = Release|Any CPU
		{00AB184E-53E4-4CF4-B486-5BBEA89A7457}.Debug|Any CPU.ActiveCfg = Debug|Any CPU
		{00AB184E-53E4-4CF4-B486-5BBEA89A7457}.Debug|Any CPU.Build.0 = Debug|Any CPU
		{00AB184E-53E4-4CF4-B486-5BBEA89A7457}.Release|Any CPU.ActiveCfg = Release|Any CPU
		{00AB184E-53E4-4CF4-B486-5BBEA89A7457}.Release|Any CPU.Build.0 = Release|Any CPU
	EndGlobalSection
	GlobalSection(SolutionProperties) = preSolution
		HideSolutionNode = FALSE
	EndGlobalSection
	GlobalSection(ExtensibilityGlobals) = postSolution
		SolutionGuid = {7F521E49-4FC4-4A8D-A151-7681CABD4504}
	EndGlobalSection
EndGlobal
