
Microsoft Visual Studio Solution File, Format Version 12.00
# Visual Studio Version 17
VisualStudioVersion = 17.3.32929.385
MinimumVisualStudioVersion = 10.0.40219.1
Project("{9A19103F-16F7-4668-BE54-9A1E7A4F7556}") = "DiagramBuilder", "DiagramBuilder.csproj", "{35DF03AD-F6A1-49D5-A9CC-C46177FBE8A2}"
EndProject
Project("{9A19103F-16F7-4668-BE54-9A1E7A4F7556}") = "BlazorServerCommon_NET6", "..\Common\BlazorServerCommon_NET6.csproj", "{C31BC2EA-8906-490C-99BE-C4FFAC3D20E7}"
EndProject
Global
	GlobalSection(SolutionConfigurationPlatforms) = preSolution
		Debug|Any CPU = Debug|Any CPU
		Release|Any CPU = Release|Any CPU
	EndGlobalSection
	GlobalSection(ProjectConfigurationPlatforms) = postSolution
		{35DF03AD-F6A1-49D5-A9CC-C46177FBE8A2}.Debug|Any CPU.ActiveCfg = Debug|Any CPU
		{35DF03AD-F6A1-49D5-A9CC-C46177FBE8A2}.Debug|Any CPU.Build.0 = Debug|Any CPU
		{35DF03AD-F6A1-49D5-A9CC-C46177FBE8A2}.Release|Any CPU.ActiveCfg = Release|Any CPU
		{35DF03AD-F6A1-49D5-A9CC-C46177FBE8A2}.Release|Any CPU.Build.0 = Release|Any CPU
		{C31BC2EA-8906-490C-99BE-C4FFAC3D20E7}.Debug|Any CPU.ActiveCfg = Debug|Any CPU
		{C31BC2EA-8906-490C-99BE-C4FFAC3D20E7}.Debug|Any CPU.Build.0 = Debug|Any CPU
		{C31BC2EA-8906-490C-99BE-C4FFAC3D20E7}.Release|Any CPU.ActiveCfg = Release|Any CPU
		{C31BC2EA-8906-490C-99BE-C4FFAC3D20E7}.Release|Any CPU.Build.0 = Release|Any CPU
	EndGlobalSection
	GlobalSection(SolutionProperties) = preSolution
		HideSolutionNode = FALSE
	EndGlobalSection
	GlobalSection(ExtensibilityGlobals) = postSolution
		SolutionGuid = {0C559A05-23A6-4FA6-B6D9-E85EB8D6BBC4}
	EndGlobalSection
EndGlobal
