
Microsoft Visual Studio Solution File, Format Version 12.00
# Visual Studio Version 17
VisualStudioVersion = 17.4.33205.214
MinimumVisualStudioVersion = 10.0.40219.1
Project("{9A19103F-16F7-4668-BE54-9A1E7A4F7556}") = "DiagramBuilder", "DiagramBuilder.csproj", "{E1FC3DE4-053D-4C98-B13A-6D9556FBB7C4}"
EndProject
Project("{9A19103F-16F7-4668-BE54-9A1E7A4F7556}") = "BlazorServerCommon_NET6", "..\..\common\BlazorServerCommon_NET6.csproj", "{A86EE526-4F7A-4E14-A595-E0866E8EBC08}"
EndProject
Global
	GlobalSection(SolutionConfigurationPlatforms) = preSolution
		Debug|Any CPU = Debug|Any CPU
		Release|Any CPU = Release|Any CPU
	EndGlobalSection
	GlobalSection(ProjectConfigurationPlatforms) = postSolution
		{E1FC3DE4-053D-4C98-B13A-6D9556FBB7C4}.Debug|Any CPU.ActiveCfg = Debug|Any CPU
		{E1FC3DE4-053D-4C98-B13A-6D9556FBB7C4}.Debug|Any CPU.Build.0 = Debug|Any CPU
		{E1FC3DE4-053D-4C98-B13A-6D9556FBB7C4}.Release|Any CPU.ActiveCfg = Release|Any CPU
		{E1FC3DE4-053D-4C98-B13A-6D9556FBB7C4}.Release|Any CPU.Build.0 = Release|Any CPU
		{A86EE526-4F7A-4E14-A595-E0866E8EBC08}.Debug|Any CPU.ActiveCfg = Debug|Any CPU
		{A86EE526-4F7A-4E14-A595-E0866E8EBC08}.Debug|Any CPU.Build.0 = Debug|Any CPU
		{A86EE526-4F7A-4E14-A595-E0866E8EBC08}.Release|Any CPU.ActiveCfg = Release|Any CPU
		{A86EE526-4F7A-4E14-A595-E0866E8EBC08}.Release|Any CPU.Build.0 = Release|Any CPU
	EndGlobalSection
	GlobalSection(SolutionProperties) = preSolution
		HideSolutionNode = FALSE
	EndGlobalSection
	GlobalSection(ExtensibilityGlobals) = postSolution
		SolutionGuid = {5DCAAF54-5A5F-4E73-9B9C-C343C4FCEF8A}
	EndGlobalSection
EndGlobal
