Microsoft Visual Studio Solution File, Format Version 12.00
# Visual Studio Version 17
VisualStudioVersion = 17.0.31611.283
MinimumVisualStudioVersion = 10.0.40219.1
Project("{9A19103F-16F7-4668-BE54-9A1E7A4F7556}") = "DiagramBuilderMAUI", "DiagramBuilderMAUI\DiagramBuilderMAUI.csproj", "{93E74B62-4547-42A7-94CC-B25B3853637E}"
EndProject
Project("{9A19103F-16F7-4668-BE54-9A1E7A4F7556}") = "BlazorMAUICommon_NET9", "..\Common\BlazorMAUICommon_NET9.csproj", "{DC15E572-D138-4E80-93D4-5D30CF853481}"
EndProject
Global
	GlobalSection(SolutionConfigurationPlatforms) = preSolution
		Debug|Any CPU = Debug|Any CPU
		Release|Any CPU = Release|Any CPU
	EndGlobalSection
	GlobalSection(ProjectConfigurationPlatforms) = postSolution
		{93E74B62-4547-42A7-94CC-B25B3853637E}.Debug|Any CPU.ActiveCfg = Debug|Any CPU
		{93E74B62-4547-42A7-94CC-B25B3853637E}.Debug|Any CPU.Build.0 = Debug|Any CPU
		{93E74B62-4547-42A7-94CC-B25B3853637E}.Debug|Any CPU.Deploy.0 = Debug|Any CPU
		{93E74B62-4547-42A7-94CC-B25B3853637E}.Release|Any CPU.ActiveCfg = Release|Any CPU
		{93E74B62-4547-42A7-94CC-B25B3853637E}.Release|Any CPU.Build.0 = Release|Any CPU
		{93E74B62-4547-42A7-94CC-B25B3853637E}.Release|Any CPU.Deploy.0 = Release|Any CPU
		{DC15E572-D138-4E80-93D4-5D30CF853481}.Debug|Any CPU.ActiveCfg = Debug|Any CPU
		{DC15E572-D138-4E80-93D4-5D30CF853481}.Debug|Any CPU.Build.0 = Debug|Any CPU
		{DC15E572-D138-4E80-93D4-5D30CF853481}.Release|Any CPU.ActiveCfg = Release|Any CPU
		{DC15E572-D138-4E80-93D4-5D30CF853481}.Release|Any CPU.Build.0 = Release|Any CPU
	EndGlobalSection
	GlobalSection(SolutionProperties) = preSolution
		HideSolutionNode = FALSE
	EndGlobalSection
	GlobalSection(ExtensibilityGlobals) = postSolution
		SolutionGuid = {61F7FB11-1E47-470C-91E2-47F8143E1572}
	EndGlobalSection
EndGlobal
