
Microsoft Visual Studio Solution File, Format Version 12.00
# Visual Studio Version 17
VisualStudioVersion = 17.9.34310.174
MinimumVisualStudioVersion = 10.0.40219.1
Project("{9A19103F-16F7-4668-BE54-9A1E7A4F7556}") = "DiagramBuilder", "DiagramBuilder\DiagramBuilder.csproj", "{1E643D8A-642A-4AFA-91C5-FDE7E067FF57}"
EndProject
Project("{9A19103F-16F7-4668-BE54-9A1E7A4F7556}") = "BlazorServerCommon_NET8", "..\..\common\BlazorServerCommon_NET8.csproj", "{62895760-9DEB-4709-8C07-B1A502CFB8A4}"
EndProject
Global
	GlobalSection(SolutionConfigurationPlatforms) = preSolution
		Debug|Any CPU = Debug|Any CPU
		Release|Any CPU = Release|Any CPU
	EndGlobalSection
	GlobalSection(ProjectConfigurationPlatforms) = postSolution
		{1E643D8A-642A-4AFA-91C5-FDE7E067FF57}.Debug|Any CPU.ActiveCfg = Debug|Any CPU
		{1E643D8A-642A-4AFA-91C5-FDE7E067FF57}.Debug|Any CPU.Build.0 = Debug|Any CPU
		{1E643D8A-642A-4AFA-91C5-FDE7E067FF57}.Release|Any CPU.ActiveCfg = Release|Any CPU
		{1E643D8A-642A-4AFA-91C5-FDE7E067FF57}.Release|Any CPU.Build.0 = Release|Any CPU
		{62895760-9DEB-4709-8C07-B1A502CFB8A4}.Debug|Any CPU.ActiveCfg = Debug|Any CPU
		{62895760-9DEB-4709-8C07-B1A502CFB8A4}.Debug|Any CPU.Build.0 = Debug|Any CPU
		{62895760-9DEB-4709-8C07-B1A502CFB8A4}.Release|Any CPU.ActiveCfg = Release|Any CPU
		{62895760-9DEB-4709-8C07-B1A502CFB8A4}.Release|Any CPU.Build.0 = Release|Any CPU
	EndGlobalSection
	GlobalSection(SolutionProperties) = preSolution
		HideSolutionNode = FALSE
	EndGlobalSection
	GlobalSection(ExtensibilityGlobals) = postSolution
		SolutionGuid = {F48C83F3-D03B-4827-A7A6-5558F6EED977}
	EndGlobalSection
EndGlobal
